
Microsoft Visual Studio Solution File, Format Version 12.00
# Visual Studio Version 16
VisualStudioVersion = 16.0.31613.86
MinimumVisualStudioVersion = 10.0.40219.1
Project("{FAE04EC0-301F-11D3-BF4B-00C04F79EFBC}") = "SnakeGit", "SnakeGit\SnakeGit.csproj", "{B6F028B1-A354-4F9A-8965-0CEECD827715}"
EndProject
Global
	GlobalSection(SolutionConfigurationPlatforms) = preSolution
		Debug|Any CPU = Debug|Any CPU
		Release|Any CPU = Release|Any CPU
	EndGlobalSection
	GlobalSection(ProjectConfigurationPlatforms) = postSolution
		{B6F028B1-A354-4F9A-8965-0CEECD827715}.Debug|Any CPU.ActiveCfg = Debug|Any CPU
		{B6F028B1-A354-4F9A-8965-0CEECD827715}.Debug|Any CPU.Build.0 = Debug|Any CPU
		{B6F028B1-A354-4F9A-8965-0CEECD827715}.Release|Any CPU.ActiveCfg = Release|Any CPU
		{B6F028B1-A354-4F9A-8965-0CEECD827715}.Release|Any CPU.Build.0 = Release|Any CPU
	EndGlobalSection
	GlobalSection(SolutionProperties) = preSolution
		HideSolutionNode = FALSE
	EndGlobalSection
	GlobalSection(ExtensibilityGlobals) = postSolution
		SolutionGuid = {00E8AFD7-2FD7-4501-99F8-706CC53E3959}
	EndGlobalSection
EndGlobal
